
Microsoft Visual Studio Solution File, Format Version 12.00
# Visual Studio Version 16
VisualStudioVersion = 16.0.30717.126
MinimumVisualStudioVersion = 10.0.40219.1
Project("{FAE04EC0-301F-11D3-BF4B-00C04F79EFBC}") = "AnimalMatchingGame", "AnimalMatchingGame\AnimalMatchingGame.csproj", "{5257C5E1-F083-41D3-9C10-A8AC152CA73C}"
EndProject
Global
	GlobalSection(SolutionConfigurationPlatforms) = preSolution
		Debug|Any CPU = Debug|Any CPU
		Release|Any CPU = Release|Any CPU
	EndGlobalSection
	GlobalSection(ProjectConfigurationPlatforms) = postSolution
		{5257C5E1-F083-41D3-9C10-A8AC152CA73C}.Debug|Any CPU.ActiveCfg = Debug|Any CPU
		{5257C5E1-F083-41D3-9C10-A8AC152CA73C}.Debug|Any CPU.Build.0 = Debug|Any CPU
		{5257C5E1-F083-41D3-9C10-A8AC152CA73C}.Release|Any CPU.ActiveCfg = Release|Any CPU
		{5257C5E1-F083-41D3-9C10-A8AC152CA73C}.Release|Any CPU.Build.0 = Release|Any CPU
	EndGlobalSection
	GlobalSection(SolutionProperties) = preSolution
		HideSolutionNode = FALSE
	EndGlobalSection
	GlobalSection(ExtensibilityGlobals) = postSolution
		SolutionGuid = {BCCCA921-B49F-416C-A7FF-62CE35803365}
	EndGlobalSection
EndGlobal
